// !$*UTF8*$!
{
	archiveVersion = 1;
	classes = {
	};
	objectVersion = 48;
	objects = {

/* Begin PBXBuildFile section */
		8E65DED31F92CD40007AA61B /* AppDelegate.swift in Sources */ = {isa = PBXBuildFile; fileRef = 8E65DED21F92CD40007AA61B /* AppDelegate.swift */; };
		8E65DED51F92CD40007AA61B /* ViewController.swift in Sources */ = {isa = PBXBuildFile; fileRef = 8E65DED41F92CD40007AA61B /* ViewController.swift */; };
		8E65DED81F92CD40007AA61B /* Main.storyboard in Resources */ = {isa = PBXBuildFile; fileRef = 8E65DED61F92CD40007AA61B /* Main.storyboard */; };
		8E65DEDA1F92CD40007AA61B /* Assets.xcassets in Resources */ = {isa = PBXBuildFile; fileRef = 8E65DED91F92CD40007AA61B /* Assets.xcassets */; };
		8E65DEDD1F92CD40007AA61B /* LaunchScreen.storyboard in Resources */ = {isa = PBXBuildFile; fileRef = 8E65DEDB1F92CD40007AA61B /* LaunchScreen.storyboard */; };
		8E65DEE81F92CD41007AA61B /* TrackerTests.swift in Sources */ = {isa = PBXBuildFile; fileRef = 8E65DEE71F92CD41007AA61B /* TrackerTests.swift */; };
		8E65DEF31F92CD41007AA61B /* TrackerUITests.swift in Sources */ = {isa = PBXBuildFile; fileRef = 8E65DEF21F92CD41007AA61B /* TrackerUITests.swift */; };
/* End PBXBuildFile section */

/* Begin PBXContainerItemProxy section */
		8E65DEE41F92CD41007AA61B /* PBXContainerItemProxy */ = {
			isa = PBXContainerItemProxy;
			containerPortal = 8E65DEC71F92CD40007AA61B /* Project object */;
			proxyType = 1;
			remoteGlobalIDString = 8E65DECE1F92CD40007AA61B;
			remoteInfo = Tracker;
		};
		8E65DEEF1F92CD41007AA61B /* PBXContainerItemProxy */ = {
			isa = PBXContainerItemProxy;
			containerPortal = 8E65DEC71F92CD40007AA61B /* Project object */;
			proxyType = 1;
			remoteGlobalIDString = 8E65DECE1F92CD40007AA61B;
			remoteInfo = Tracker;
		};
/* End PBXContainerItemProxy section */

/* Begin PBXFileReference section */
		8E65DECF1F92CD40007AA61B /* Tracker.app */ = {isa = PBXFileReference; explicitFileType = wrapper.application; includeInIndex = 0; path = Tracker.app; sourceTree = BUILT_PRODUCTS_DIR; };
		8E65DED21F92CD40007AA61B /* AppDelegate.swift */ = {isa = PBXFileReference; lastKnownFileType = sourcecode.swift; path = AppDelegate.swift; sourceTree = "<group>"; };
		8E65DED41F92CD40007AA61B /* ViewController.swift */ = {isa = PBXFileReference; lastKnownFileType = sourcecode.swift; path = ViewController.swift; sourceTree = "<group>"; };
		8E65DED71F92CD40007AA61B /* Base */ = {isa = PBXFileReference; lastKnownFileType = file.storyboard; name = Base; path = Base.lproj/Main.storyboard; sourceTree = "<group>"; };
		8E65DED91F92CD40007AA61B /* Assets.xcassets */ = {isa = PBXFileReference; lastKnownFileType = folder.assetcatalog; path = Assets.xcassets; sourceTree = "<group>"; };
		8E65DEDC1F92CD40007AA61B /* Base */ = {isa = PBXFileReference; lastKnownFileType = file.storyboard; name = Base; path = Base.lproj/LaunchScreen.storyboard; sourceTree = "<group>"; };
		8E65DEDE1F92CD40007AA61B /* Info.plist */ = {isa = PBXFileReference; lastKnownFileType = text.plist.xml; path = Info.plist; sourceTree = "<group>"; };
		8E65DEE31F92CD41007AA61B /* TrackerTests.xctest */ = {isa = PBXFileReference; explicitFileType = wrapper.cfbundle; includeInIndex = 0; path = TrackerTests.xctest; sourceTree = BUILT_PRODUCTS_DIR; };
		8E65DEE71F92CD41007AA61B /* TrackerTests.swift */ = {isa = PBXFileReference; lastKnownFileType = sourcecode.swift; path = TrackerTests.swift; sourceTree = "<group>"; };
		8E65DEE91F92CD41007AA61B /* Info.plist */ = {isa = PBXFileReference; lastKnownFileType = text.plist.xml; path = Info.plist; sourceTree = "<group>"; };
		8E65DEEE1F92CD41007AA61B /* TrackerUITests.xctest */ = {isa = PBXFileReference; explicitFileType = wrapper.cfbundle; includeInIndex = 0; path = TrackerUITests.xctest; sourceTree = BUILT_PRODUCTS_DIR; };
		8E65DEF21F92CD41007AA61B /* TrackerUITests.swift */ = {isa = PBXFileReference; lastKnownFileType = sourcecode.swift; path = TrackerUITests.swift; sourceTree = "<group>"; };
		8E65DEF41F92CD41007AA61B /* Info.plist */ = {isa = PBXFileReference; lastKnownFileType = text.plist.xml; path = Info.plist; sourceTree = "<group>"; };
/* End PBXFileReference section */

/* Begin PBXFrameworksBuildPhase section */
		8E65DECC1F92CD40007AA61B /* Frameworks */ = {
			isa = PBXFrameworksBuildPhase;
			buildActionMask = 2147483647;
			files = (
			);
			runOnlyForDeploymentPostprocessing = 0;
		};
		8E65DEE01F92CD41007AA61B /* Frameworks */ = {
			isa = PBXFrameworksBuildPhase;
			buildActionMask = 2147483647;
			files = (
			);
			runOnlyForDeploymentPostprocessing = 0;
		};
		8E65DEEB1F92CD41007AA61B /* Frameworks */ = {
			isa = PBXFrameworksBuildPhase;
			buildActionMask = 2147483647;
			files = (
			);
			runOnlyForDeploymentPostprocessing = 0;
		};
/* End PBXFrameworksBuildPhase section */

/* Begin PBXGroup section */
		8E65DEC61F92CD40007AA61B = {
			isa = PBXGroup;
			children = (
				8E65DED11F92CD40007AA61B /* Tracker */,
				8E65DEE61F92CD41007AA61B /* TrackerTests */,
				8E65DEF11F92CD41007AA61B /* TrackerUITests */,
				8E65DED01F92CD40007AA61B /* Products */,
			);
			sourceTree = "<group>";
		};
		8E65DED01F92CD40007AA61B /* Products */ = {
			isa = PBXGroup;
			children = (
				8E65DECF1F92CD40007AA61B /* Tracker.app */,
				8E65DEE31F92CD41007AA61B /* TrackerTests.xctest */,
				8E65DEEE1F92CD41007AA61B /* TrackerUITests.xctest */,
			);
			name = Products;
			sourceTree = "<group>";
		};
		8E65DED11F92CD40007AA61B /* Tracker */ = {
			isa = PBXGroup;
			children = (
				8E65DED21F92CD40007AA61B /* AppDelegate.swift */,
				8E65DED41F92CD40007AA61B /* ViewController.swift */,
				8E65DED61F92CD40007AA61B /* Main.storyboard */,
				8E65DED91F92CD40007AA61B /* Assets.xcassets */,
				8E65DEDB1F92CD40007AA61B /* LaunchScreen.storyboard */,
				8E65DEDE1F92CD40007AA61B /* Info.plist */,
			);
			path = Tracker;
			sourceTree = "<group>";
		};
		8E65DEE61F92CD41007AA61B /* TrackerTests */ = {
			isa = PBXGroup;
			children = (
				8E65DEE71F92CD41007AA61B /* TrackerTests.swift */,
				8E65DEE91F92CD41007AA61B /* Info.plist */,
			);
			path = TrackerTests;
			sourceTree = "<group>";
		};
		8E65DEF11F92CD41007AA61B /* TrackerUITests */ = {
			isa = PBXGroup;
			children = (
				8E65DEF21F92CD41007AA61B /* TrackerUITests.swift */,
				8E65DEF41F92CD41007AA61B /* Info.plist */,
			);
			path = TrackerUITests;
			sourceTree = "<group>";
		};
/* End PBXGroup section */

/* Begin PBXNativeTarget section */
		8E65DECE1F92CD40007AA61B /* Tracker */ = {
			isa = PBXNativeTarget;
			buildConfigurationList = 8E65DEF71F92CD41007AA61B /* Build configuration list for PBXNativeTarget "Tracker" */;
			buildPhases = (
				8E65DECB1F92CD40007AA61B /* Sources */,
				8E65DECC1F92CD40007AA61B /* Frameworks */,
				8E65DECD1F92CD40007AA61B /* Resources */,
			);
			buildRules = (
			);
			dependencies = (
			);
			name = Tracker;
			productName = Tracker;
			productReference = 8E65DECF1F92CD40007AA61B /* Tracker.app */;
			productType = "com.apple.product-type.application";
		};
		8E65DEE21F92CD41007AA61B /* TrackerTests */ = {
			isa = PBXNativeTarget;
			buildConfigurationList = 8E65DEFA1F92CD41007AA61B /* Build configuration list for PBXNativeTarget "TrackerTests" */;
			buildPhases = (
				8E65DEDF1F92CD41007AA61B /* Sources */,
				8E65DEE01F92CD41007AA61B /* Frameworks */,
				8E65DEE11F92CD41007AA61B /* Resources */,
			);
			buildRules = (
			);
			dependencies = (
				8E65DEE51F92CD41007AA61B /* PBXTargetDependency */,
			);
			name = TrackerTests;
			productName = TrackerTests;
			productReference = 8E65DEE31F92CD41007AA61B /* TrackerTests.xctest */;
			productType = "com.apple.product-type.bundle.unit-test";
		};
		8E65DEED1F92CD41007AA61B /* TrackerUITests */ = {
			isa = PBXNativeTarget;
			buildConfigurationList = 8E65DEFD1F92CD41007AA61B /* Build configuration list for PBXNativeTarget "TrackerUITests" */;
			buildPhases = (
				8E65DEEA1F92CD41007AA61B /* Sources */,
				8E65DEEB1F92CD41007AA61B /* Frameworks */,
				8E65DEEC1F92CD41007AA61B /* Resources */,
			);
			buildRules = (
			);
			dependencies = (
				8E65DEF01F92CD41007AA61B /* PBXTargetDependency */,
			);
			name = TrackerUITests;
			productName = TrackerUITests;
			productReference = 8E65DEEE1F92CD41007AA61B /* TrackerUITests.xctest */;
			productType = "com.apple.product-type.bundle.ui-testing";
		};
/* End PBXNativeTarget section */

/* Begin PBXProject section */
		8E65DEC71F92CD40007AA61B /* Project object */ = {
			isa = PBXProject;
			attributes = {
				LastSwiftUpdateCheck = 0900;
				LastUpgradeCheck = 0900;
				ORGANIZATIONNAME = "Moritz Haarmann";
				TargetAttributes = {
					8E65DECE1F92CD40007AA61B = {
						CreatedOnToolsVersion = 9.0;
						ProvisioningStyle = Automatic;
					};
					8E65DEE21F92CD41007AA61B = {
						CreatedOnToolsVersion = 9.0;
						ProvisioningStyle = Automatic;
						TestTargetID = 8E65DECE1F92CD40007AA61B;
					};
					8E65DEED1F92CD41007AA61B = {
						CreatedOnToolsVersion = 9.0;
						ProvisioningStyle = Automatic;
						TestTargetID = 8E65DECE1F92CD40007AA61B;
					};
				};
			};
			buildConfigurationList = 8E65DECA1F92CD40007AA61B /* Build configuration list for PBXProject "Tracker" */;
			compatibilityVersion = "Xcode 8.0";
			developmentRegion = en;
			hasScannedForEncodings = 0;
			knownRegions = (
				en,
				Base,
			);
			mainGroup = 8E65DEC61F92CD40007AA61B;
			productRefGroup = 8E65DED01F92CD40007AA61B /* Products */;
			projectDirPath = "";
			projectRoot = "";
			targets = (
				8E65DECE1F92CD40007AA61B /* Tracker */,
				8E65DEE21F92CD41007AA61B /* TrackerTests */,
				8E65DEED1F92CD41007AA61B /* TrackerUITests */,
			);
		};
/* End PBXProject section */

/* Begin PBXResourcesBuildPhase section */
		8E65DECD1F92CD40007AA61B /* Resources */ = {
			isa = PBXResourcesBuildPhase;
			buildActionMask = 2147483647;
			files = (
				8E65DEDD1F92CD40007AA61B /* LaunchScreen.storyboard in Resources */,
				8E65DEDA1F92CD40007AA61B /* Assets.xcassets in Resources */,
				8E65DED81F92CD40007AA61B /* Main.storyboard in Resources */,
			);
			runOnlyForDeploymentPostprocessing = 0;
		};
		8E65DEE11F92CD41007AA61B /* Resources */ = {
			isa = PBXResourcesBuildPhase;
			buildActionMask = 2147483647;
			files = (
			);
			runOnlyForDeploymentPostprocessing = 0;
		};
		8E65DEEC1F92CD41007AA61B /* Resources */ = {
			isa = PBXResourcesBuildPhase;
			buildActionMask = 2147483647;
			files = (
			);
			runOnlyForDeploymentPostprocessing = 0;
		};
/* End PBXResourcesBuildPhase section */

/* Begin PBXSourcesBuildPhase section */
		8E65DECB1F92CD40007AA61B /* Sources */ = {
			isa = PBXSourcesBuildPhase;
			buildActionMask = 2147483647;
			files = (
				8E65DED51F92CD40007AA61B /* ViewController.swift in Sources */,
				8E65DED31F92CD40007AA61B /* AppDelegate.swift in Sources */,
			);
			runOnlyForDeploymentPostprocessing = 0;
		};
		8E65DEDF1F92CD41007AA61B /* Sources */ = {
			isa = PBXSourcesBuildPhase;
			buildActionMask = 2147483647;
			files = (
				8E65DEE81F92CD41007AA61B /* TrackerTests.swift in Sources */,
			);
			runOnlyForDeploymentPostprocessing = 0;
		};
		8E65DEEA1F92CD41007AA61B /* Sources */ = {
			isa = PBXSourcesBuildPhase;
			buildActionMask = 2147483647;
			files = (
				8E65DEF31F92CD41007AA61B /* TrackerUITests.swift in Sources */,
			);
			runOnlyForDeploymentPostprocessing = 0;
		};
/* End PBXSourcesBuildPhase section */

/* Begin PBXTargetDependency section */
		8E65DEE51F92CD41007AA61B /* PBXTargetDependency */ = {
			isa = PBXTargetDependency;
			target = 8E65DECE1F92CD40007AA61B /* Tracker */;
			targetProxy = 8E65DEE41F92CD41007AA61B /* PBXContainerItemProxy */;
		};
		8E65DEF01F92CD41007AA61B /* PBXTargetDependency */ = {
			isa = PBXTargetDependency;
			target = 8E65DECE1F92CD40007AA61B /* Tracker */;
			targetProxy = 8E65DEEF1F92CD41007AA61B /* PBXContainerItemProxy */;
		};
/* End PBXTargetDependency section */

/* Begin PBXVariantGroup section */
		8E65DED61F92CD40007AA61B /* Main.storyboard */ = {
			isa = PBXVariantGroup;
			children = (
				8E65DED71F92CD40007AA61B /* Base */,
			);
			name = Main.storyboard;
			sourceTree = "<group>";
		};
		8E65DEDB1F92CD40007AA61B /* LaunchScreen.storyboard */ = {
			isa = PBXVariantGroup;
			children = (
				8E65DEDC1F92CD40007AA61B /* Base */,
			);
			name = LaunchScreen.storyboard;
			sourceTree = "<group>";
		};
/* End PBXVariantGroup section */

/* Begin XCBuildConfiguration section */
		8E65DEF51F92CD41007AA61B /* Debug */ = {
			isa = XCBuildConfiguration;
			buildSettings = {
				ALWAYS_SEARCH_USER_PATHS = NO;
				CLANG_ANALYZER_NONNULL = YES;
				CLANG_ANALYZER_NUMBER_OBJECT_CONVERSION = YES_AGGRESSIVE;
				CLANG_CXX_LANGUAGE_STANDARD = "gnu++14";
				CLANG_CXX_LIBRARY = "libc++";
				CLANG_ENABLE_MODULES = YES;
				CLANG_ENABLE_OBJC_ARC = YES;
				CLANG_WARN_BLOCK_CAPTURE_AUTORELEASING = YES;
				CLANG_WARN_BOOL_CONVERSION = YES;
				CLANG_WARN_COMMA = YES;
				CLANG_WARN_CONSTANT_CONVERSION = YES;
				CLANG_WARN_DIRECT_OBJC_ISA_USAGE = YES_ERROR;
				CLANG_WARN_DOCUMENTATION_COMMENTS = YES;
				CLANG_WARN_EMPTY_BODY = YES;
				CLANG_WARN_ENUM_CONVERSION = YES;
				CLANG_WARN_INFINITE_RECURSION = YES;
				CLANG_WARN_INT_CONVERSION = YES;
				CLANG_WARN_NON_LITERAL_NULL_CONVERSION = YES;
				CLANG_WARN_OBJC_LITERAL_CONVERSION = YES;
				CLANG_WARN_OBJC_ROOT_CLASS = YES_ERROR;
				CLANG_WARN_RANGE_LOOP_ANALYSIS = YES;
				CLANG_WARN_STRICT_PROTOTYPES = YES;
				CLANG_WARN_SUSPICIOUS_MOVE = YES;
				CLANG_WARN_UNGUARDED_AVAILABILITY = YES_AGGRESSIVE;
				CLANG_WARN_UNREACHABLE_CODE = YES;
				CLANG_WARN__DUPLICATE_METHOD_MATCH = YES;
				CODE_SIGN_IDENTITY = "iPhone Developer";
				COPY_PHASE_STRIP = NO;
				DEBUG_INFORMATION_FORMAT = dwarf;
				ENABLE_STRICT_OBJC_MSGSEND = YES;
				ENABLE_TESTABILITY = YES;
				GCC_C_LANGUAGE_STANDARD = gnu11;
				GCC_DYNAMIC_NO_PIC = NO;
				GCC_NO_COMMON_BLOCKS = YES;
				GCC_OPTIMIZATION_LEVEL = 0;
				GCC_PREPROCESSOR_DEFINITIONS = (
					"DEBUG=1",
					"$(inherited)",
				);
				GCC_WARN_64_TO_32_BIT_CONVERSION = YES;
				GCC_WARN_ABOUT_RETURN_TYPE = YES_ERROR;
				GCC_WARN_UNDECLARED_SELECTOR = YES;
				GCC_WARN_UNINITIALIZED_AUTOS = YES_AGGRESSIVE;
				GCC_WARN_UNUSED_FUNCTION = YES;
				GCC_WARN_UNUSED_VARIABLE = YES;
				IPHONEOS_DEPLOYMENT_TARGET = 11.0;
				MTL_ENABLE_DEBUG_INFO = YES;
				ONLY_ACTIVE_ARCH = YES;
				SDKROOT = iphoneos;
				SWIFT_ACTIVE_COMPILATION_CONDITIONS = DEBUG;
				SWIFT_OPTIMIZATION_LEVEL = "-Onone";
			};
			name = Debug;
		};
		8E65DEF61F92CD41007AA61B /* Release */ = {
			isa = XCBuildConfiguration;
			buildSettings = {
				ALWAYS_SEARCH_USER_PATHS = NO;
				CLANG_ANALYZER_NONNULL = YES;
				CLANG_ANALYZER_NUMBER_OBJECT_CONVERSION = YES_AGGRESSIVE;
				CLANG_CXX_LANGUAGE_STANDARD = "gnu++14";
				CLANG_CXX_LIBRARY = "libc++";
				CLANG_ENABLE_MODULES = YES;
				CLANG_ENABLE_OBJC_ARC = YES;
				CLANG_WARN_BLOCK_CAPTURE_AUTORELEASING = YES;
				CLANG_WARN_BOOL_CONVERSION = YES;
				CLANG_WARN_COMMA = YES;
				CLANG_WARN_CONSTANT_CONVERSION = YES;
				CLANG_WARN_DIRECT_OBJC_ISA_USAGE = YES_ERROR;
				CLANG_WARN_DOCUMENTATION_COMMENTS = YES;
				CLANG_WARN_EMPTY_BODY = YES;
				CLANG_WARN_ENUM_CONVERSION = YES;
				CLANG_WARN_INFINITE_RECURSION = YES;
				CLANG_WARN_INT_CONVERSION = YES;
				CLANG_WARN_NON_LITERAL_NULL_CONVERSION = YES;
				CLANG_WARN_OBJC_LITERAL_CONVERSION = YES;
				CLANG_WARN_OBJC_ROOT_CLASS = YES_ERROR;
				CLANG_WARN_RANGE_LOOP_ANALYSIS = YES;
				CLANG_WARN_STRICT_PROTOTYPES = YES;
				CLANG_WARN_SUSPICIOUS_MOVE = YES;
				CLANG_WARN_UNGUARDED_AVAILABILITY = YES_AGGRESSIVE;
				CLANG_WARN_UNREACHABLE_CODE = YES;
				CLANG_WARN__DUPLICATE_METHOD_MATCH = YES;
				CODE_SIGN_IDENTITY = "iPhone Developer";
				COPY_PHASE_STRIP = NO;
				DEBUG_INFORMATION_FORMAT = "dwarf-with-dsym";
				ENABLE_NS_ASSERTIONS = NO;
				ENABLE_STRICT_OBJC_MSGSEND = YES;
				GCC_C_LANGUAGE_STANDARD = gnu11;
				GCC_NO_COMMON_BLOCKS = YES;
				GCC_WARN_64_TO_32_BIT_CONVERSION = YES;
				GCC_WARN_ABOUT_RETURN_TYPE = YES_ERROR;
				GCC_WARN_UNDECLARED_SELECTOR = YES;
				GCC_WARN_UNINITIALIZED_AUTOS = YES_AGGRESSIVE;
				GCC_WARN_UNUSED_FUNCTION = YES;
				GCC_WARN_UNUSED_VARIABLE = YES;
				IPHONEOS_DEPLOYMENT_TARGET = 11.0;
				MTL_ENABLE_DEBUG_INFO = NO;
				SDKROOT = iphoneos;
				SWIFT_OPTIMIZATION_LEVEL = "-Owholemodule";
				VALIDATE_PRODUCT = YES;
			};
			name = Release;
		};
		8E65DEF81F92CD41007AA61B /* Debug */ = {
			isa = XCBuildConfiguration;
			buildSettings = {
				ASSETCATALOG_COMPILER_APPICON_NAME = AppIcon;
				CODE_SIGN_STYLE = Automatic;
				DEVELOPMENT_TEAM = 3LWC5JJY26;
				INFOPLIST_FILE = Tracker/Info.plist;
				LD_RUNPATH_SEARCH_PATHS = "$(inherited) @executable_path/Frameworks";
				PRODUCT_BUNDLE_IDENTIFIER = de.moritzhaarmann.Tracker;
				PRODUCT_NAME = "$(TARGET_NAME)";
				SWIFT_VERSION = 4.0;
				TARGETED_DEVICE_FAMILY = "1,2";
			};
			name = Debug;
		};
		8E65DEF91F92CD41007AA61B /* Release */ = {
			isa = XCBuildConfiguration;
			buildSettings = {
				ASSETCATALOG_COMPILER_APPICON_NAME = AppIcon;
				CODE_SIGN_STYLE = Automatic;
				DEVELOPMENT_TEAM = 3LWC5JJY26;
				INFOPLIST_FILE = Tracker/Info.plist;
				LD_RUNPATH_SEARCH_PATHS = "$(inherited) @executable_path/Frameworks";
				PRODUCT_BUNDLE_IDENTIFIER = de.moritzhaarmann.Tracker;
				PRODUCT_NAME = "$(TARGET_NAME)";
				SWIFT_VERSION = 4.0;
				TARGETED_DEVICE_FAMILY = "1,2";
			};
			name = Release;
		};
		8E65DEFB1F92CD41007AA61B /* Debug */ = {
			isa = XCBuildConfiguration;
			buildSettings = {
				ALWAYS_EMBED_SWIFT_STANDARD_LIBRARIES = YES;
				BUNDLE_LOADER = "$(TEST_HOST)";
				CODE_SIGN_STYLE = Automatic;
				DEVELOPMENT_TEAM = 3LWC5JJY26;
				INFOPLIST_FILE = TrackerTests/Info.plist;
				LD_RUNPATH_SEARCH_PATHS = "$(inherited) @executable_path/Frameworks @loader_path/Frameworks";
				PRODUCT_BUNDLE_IDENTIFIER = de.moritzhaarmann.TrackerTests;
				PRODUCT_NAME = "$(TARGET_NAME)";
				SWIFT_VERSION = 4.0;
				TARGETED_DEVICE_FAMILY = "1,2";
				TEST_HOST = "$(BUILT_PRODUCTS_DIR)/Tracker.app/Tracker";
			};
			name = Debug;
		};
		8E65DEFC1F92CD41007AA61B /* Release */ = {
			isa = XCBuildConfiguration;
			buildSettings = {
				ALWAYS_EMBED_SWIFT_STANDARD_LIBRARIES = YES;
				BUNDLE_LOADER = "$(TEST_HOST)";
				CODE_SIGN_STYLE = Automatic;
				DEVELOPMENT_TEAM = 3LWC5JJY26;
				INFOPLIST_FILE = TrackerTests/Info.plist;
				LD_RUNPATH_SEARCH_PATHS = "$(inherited) @executable_path/Frameworks @loader_path/Frameworks";
				PRODUCT_BUNDLE_IDENTIFIER = de.moritzhaarmann.TrackerTests;
				PRODUCT_NAME = "$(TARGET_NAME)";
				SWIFT_VERSION = 4.0;
				TARGETED_DEVICE_FAMILY = "1,2";
				TEST_HOST = "$(BUILT_PRODUCTS_DIR)/Tracker.app/Tracker";
			};
			name = Release;
		};
		8E65DEFE1F92CD41007AA61B /* Debug */ = {
			isa = XCBuildConfiguration;
			buildSettings = {
				ALWAYS_EMBED_SWIFT_STANDARD_LIBRARIES = YES;
				CODE_SIGN_STYLE = Automatic;
				DEVELOPMENT_TEAM = 3LWC5JJY26;
				INFOPLIST_FILE = TrackerUITests/Info.plist;
				LD_RUNPATH_SEARCH_PATHS = "$(inherited) @executable_path/Frameworks @loader_path/Frameworks";
				PRODUCT_BUNDLE_IDENTIFIER = de.moritzhaarmann.TrackerUITests;
				PRODUCT_NAME = "$(TARGET_NAME)";
				SWIFT_VERSION = 4.0;
				TARGETED_DEVICE_FAMILY = "1,2";
				TEST_TARGET_NAME = Tracker;
			};
			name = Debug;
		};
		8E65DEFF1F92CD41007AA61B /* Release */ = {
			isa = XCBuildConfiguration;
			buildSettings = {
				ALWAYS_EMBED_SWIFT_STANDARD_LIBRARIES = YES;
				CODE_SIGN_STYLE = Automatic;
				DEVELOPMENT_TEAM = 3LWC5JJY26;
				INFOPLIST_FILE = TrackerUITests/Info.plist;
				LD_RUNPATH_SEARCH_PATHS = "$(inherited) @executable_path/Frameworks @loader_path/Frameworks";
				PRODUCT_BUNDLE_IDENTIFIER = de.moritzhaarmann.TrackerUITests;
				PRODUCT_NAME = "$(TARGET_NAME)";
				SWIFT_VERSION = 4.0;
				TARGETED_DEVICE_FAMILY = "1,2";
				TEST_TARGET_NAME = Tracker;
			};
			name = Release;
		};
/* End XCBuildConfiguration section */

/* Begin XCConfigurationList section */
		8E65DECA1F92CD40007AA61B /* Build configuration list for PBXProject "Tracker" */ = {
			isa = XCConfigurationList;
			buildConfigurations = (
				8E65DEF51F92CD41007AA61B /* Debug */,
				8E65DEF61F92CD41007AA61B /* Release */,
			);
			defaultConfigurationIsVisible = 0;
			defaultConfigurationName = Release;
		};
		8E65DEF71F92CD41007AA61B /* Build configuration list for PBXNativeTarget "Tracker" */ = {
			isa = XCConfigurationList;
			buildConfigurations = (
				8E65DEF81F92CD41007AA61B /* Debug */,
				8E65DEF91F92CD41007AA61B /* Release */,
			);
			defaultConfigurationIsVisible = 0;
			defaultConfigurationName = Release;
		};
		8E65DEFA1F92CD41007AA61B /* Build configuration list for PBXNativeTarget "TrackerTests" */ = {
			isa = XCConfigurationList;
			buildConfigurations = (
				8E65DEFB1F92CD41007AA61B /* Debug */,
				8E65DEFC1F92CD41007AA61B /* Release */,
			);
			defaultConfigurationIsVisible = 0;
			defaultConfigurationName = Release;
		};
		8E65DEFD1F92CD41007AA61B /* Build configuration list for PBXNativeTarget "TrackerUITests" */ = {
			isa = XCConfigurationList;
			buildConfigurations = (
				8E65DEFE1F92CD41007AA61B /* Debug */,
				8E65DEFF1F92CD41007AA61B /* Release */,
			);
			defaultConfigurationIsVisible = 0;
			defaultConfigurationName = Release;
		};
/* End XCConfigurationList section */
	};
	rootObject = 8E65DEC71F92CD40007AA61B /* Project object */;
}
